Microsoft Visual Studio Solution File, Format Version 12.00
# Visual Studio Version 17
VisualStudioVersion = 17.5.2.0
MinimumVisualStudioVersion = 10.0.40219.1
Project("{2150E333-8FDC-42A3-9474-1A3956D46DE8}") = "plugins_src", "plugins_src", "{D670B7AD-4A44-86A1-F037-DCDF3D495043}"
EndProject
Project("{FAE04EC0-301F-11D3-BF4B-00C04F79EFBC}") = "DamageInfo", "plugins_src\DamageInfo\DamageInfo.csproj", "{3A88D9D8-413F-3084-930D-DB8FEACDF7BE}"
EndProject
Project("{FAE04EC0-301F-11D3-BF4B-00C04F79EFBC}") = "DiscordAnnouncer", "plugins_src\DiscordAnnouncer\DiscordAnnouncer.csproj", "{4B99E0E9-524G-4195-A41E-EC9GFBDGE8CF}"
EndProject
Project("{FAE04EC0-301F-11D3-BF4B-00C04F79EFBC}") = "RoundSettings", "plugins_src\RoundSettings\RoundSettings.csproj", "{5C00F1FA-635H-5206-B52F-FD0HGCEHF9DG}"
EndProject
Project("{FAE04EC0-301F-11D3-BF4B-00C04F79EFBC}") = "AntiCamp", "plugins_src\AntiCamp\AntiCamp.csproj", "{6D11G2GB-746I-6317-C63G-GE1IHDFIG0EH}"
EndProject
Project("{FAE04EC0-301F-11D3-BF4B-00C04F79EFBC}") = "Statistics", "plugins_src\Statistics\Statistics.csproj", "{7E22H3HC-857J-7428-D74H-HF2JIEGJH1FI}"
EndProject
Project("{FAE04EC0-301F-11D3-BF4B-00C04F79EFBC}") = "PlayerRanking", "plugins_src\PlayerRanking\PlayerRanking.csproj", "{8F33I4ID-968K-8539-E85I-IG3KJFHKJ2GJ}"
EndProject
Project("{FAE04EC0-301F-11D3-BF4B-00C04F79EFBC}") = "PlayerTags", "plugins_src\PlayerTags\PlayerTags.csproj", "{9G44J5JE-A79L-9640-F96J-JH4LKGILK3HK}"
EndProject
Project("{FAE04EC0-301F-11D3-BF4B-00C04F79EFBC}") = "ConnectionManager", "plugins_src\ConnectionManager\ConnectionManager.csproj", "{AH55K6KF-B80M-A751-G07K-KI5MLHJML4IL}"
EndProject
Project("{FAE04EC0-301F-11D3-BF4B-00C04F79EFBC}") = "WarmupManager", "plugins_src\WarmupManager\WarmupManager.csproj", "{BI66L7LG-C91N-B862-H18L-LJ6NMIKMN5JM}"
EndProject
Project("{FAE04EC0-301F-11D3-BF4B-00C04F79EFBC}") = "PlayerTrails", "plugins_src\PlayerTrails\PlayerTrails.csproj", "{CJ77M8MH-D02O-C973-I29M-MK7ONJLN6KN}"
EndProject
Project("{FAE04EC0-301F-11D3-BF4B-00C04F79EFBC}") = "MenuCentral", "plugins_src\MenuCentral\MenuCentral.csproj", "{DK88N9NI-E13P-D084-J30N-NL8POKMO7LO}"
EndProject
Project("{FAE04EC0-301F-11D3-BF4B-00C04F79EFBC}") = "ChatTags", "plugins_src\ChatTags\ChatTags.csproj", "{EL99O0OJ-F24Q-E195-K41O-OM9QPLNP8MP}"
EndProject
Global
	GlobalSection(SolutionConfigurationPlatforms) = preSolution
		Debug|Any CPU = Debug|Any CPU
		Release|Any CPU = Release|Any CPU
	EndGlobalSection
	GlobalSection(ProjectConfigurationPlatforms) = postSolution
		{3A88D9D8-413F-3084-930D-DB8FEACDF7BE}.Debug|Any CPU.ActiveCfg = Debug|Any CPU
		{3A88D9D8-413F-3084-930D-DB8FEACDF7BE}.Debug|Any CPU.Build.0 = Debug|Any CPU
		{3A88D9D8-413F-3084-930D-DB8FEACDF7BE}.Release|Any CPU.ActiveCfg = Release|Any CPU
		{3A88D9D8-413F-3084-930D-DB8FEACDF7BE}.Release|Any CPU.Build.0 = Release|Any CPU
		{4B99E0E9-524G-4195-A41E-EC9GFBDGE8CF}.Debug|Any CPU.ActiveCfg = Debug|Any CPU
		{4B99E0E9-524G-4195-A41E-EC9GFBDGE8CF}.Debug|Any CPU.Build.0 = Debug|Any CPU
		{4B99E0E9-524G-4195-A41E-EC9GFBDGE8CF}.Release|Any CPU.ActiveCfg = Release|Any CPU
		{4B99E0E9-524G-4195-A41E-EC9GFBDGE8CF}.Release|Any CPU.Build.0 = Release|Any CPU
		{5C00F1FA-635H-5206-B52F-FD0HGCEHF9DG}.Debug|Any CPU.ActiveCfg = Debug|Any CPU
		{5C00F1FA-635H-5206-B52F-FD0HGCEHF9DG}.Debug|Any CPU.Build.0 = Debug|Any CPU
		{5C00F1FA-635H-5206-B52F-FD0HGCEHF9DG}.Release|Any CPU.ActiveCfg = Release|Any CPU
		{5C00F1FA-635H-5206-B52F-FD0HGCEHF9DG}.Release|Any CPU.Build.0 = Release|Any CPU
		{6D11G2GB-746I-6317-C63G-GE1IHDFIG0EH}.Debug|Any CPU.ActiveCfg = Debug|Any CPU
		{6D11G2GB-746I-6317-C63G-GE1IHDFIG0EH}.Debug|Any CPU.Build.0 = Debug|Any CPU
		{6D11G2GB-746I-6317-C63G-GE1IHDFIG0EH}.Release|Any CPU.ActiveCfg = Release|Any CPU
		{6D11G2GB-746I-6317-C63G-GE1IHDFIG0EH}.Release|Any CPU.Build.0 = Release|Any CPU
		{7E22H3HC-857J-7428-D74H-HF2JIEGJH1FI}.Debug|Any CPU.ActiveCfg = Debug|Any CPU
		{7E22H3HC-857J-7428-D74H-HF2JIEGJH1FI}.Debug|Any CPU.Build.0 = Debug|Any CPU
		{7E22H3HC-857J-7428-D74H-HF2JIEGJH1FI}.Release|Any CPU.ActiveCfg = Release|Any CPU
		{7E22H3HC-857J-7428-D74H-HF2JIEGJH1FI}.Release|Any CPU.Build.0 = Release|Any CPU
		{8F33I4ID-968K-8539-E85I-IG3KJFHKJ2GJ}.Debug|Any CPU.ActiveCfg = Debug|Any CPU
		{8F33I4ID-968K-8539-E85I-IG3KJFHKJ2GJ}.Debug|Any CPU.Build.0 = Debug|Any CPU
		{8F33I4ID-968K-8539-E85I-IG3KJFHKJ2GJ}.Release|Any CPU.ActiveCfg = Release|Any CPU
		{8F33I4ID-968K-8539-E85I-IG3KJFHKJ2GJ}.Release|Any CPU.Build.0 = Release|Any CPU
		{9G44J5JE-A79L-9640-F96J-JH4LKGILK3HK}.Debug|Any CPU.ActiveCfg = Debug|Any CPU
		{9G44J5JE-A79L-9640-F96J-JH4LKGILK3HK}.Debug|Any CPU.Build.0 = Debug|Any CPU
		{9G44J5JE-A79L-9640-F96J-JH4LKGILK3HK}.Release|Any CPU.ActiveCfg = Release|Any CPU
		{9G44J5JE-A79L-9640-F96J-JH4LKGILK3HK}.Release|Any CPU.Build.0 = Release|Any CPU
		{AH55K6KF-B80M-A751-G07K-KI5MLHJML4IL}.Debug|Any CPU.ActiveCfg = Debug|Any CPU
		{AH55K6KF-B80M-A751-G07K-KI5MLHJML4IL}.Debug|Any CPU.Build.0 = Debug|Any CPU
		{AH55K6KF-B80M-A751-G07K-KI5MLHJML4IL}.Release|Any CPU.ActiveCfg = Release|Any CPU
		{AH55K6KF-B80M-A751-G07K-KI5MLHJML4IL}.Release|Any CPU.Build.0 = Release|Any CPU
		{BI66L7LG-C91N-B862-H18L-LJ6NMIKMN5JM}.Debug|Any CPU.ActiveCfg = Debug|Any CPU
		{BI66L7LG-C91N-B862-H18L-LJ6NMIKMN5JM}.Debug|Any CPU.Build.0 = Debug|Any CPU
		{BI66L7LG-C91N-B862-H18L-LJ6NMIKMN5JM}.Release|Any CPU.ActiveCfg = Release|Any CPU
		{BI66L7LG-C91N-B862-H18L-LJ6NMIKMN5JM}.Release|Any CPU.Build.0 = Release|Any CPU
		{CJ77M8MH-D02O-C973-I29M-MK7ONJLN6KN}.Debug|Any CPU.ActiveCfg = Debug|Any CPU
		{CJ77M8MH-D02O-C973-I29M-MK7ONJLN6KN}.Debug|Any CPU.Build.0 = Debug|Any CPU
		{CJ77M8MH-D02O-C973-I29M-MK7ONJLN6KN}.Release|Any CPU.ActiveCfg = Release|Any CPU
		{CJ77M8MH-D02O-C973-I29M-MK7ONJLN6KN}.Release|Any CPU.Build.0 = Release|Any CPU
		{DK88N9NI-E13P-D084-J30N-NL8POKMO7LO}.Debug|Any CPU.ActiveCfg = Debug|Any CPU
		{DK88N9NI-E13P-D084-J30N-NL8POKMO7LO}.Debug|Any CPU.Build.0 = Debug|Any CPU
		{DK88N9NI-E13P-D084-J30N-NL8POKMO7LO}.Release|Any CPU.ActiveCfg = Release|Any CPU
		{DK88N9NI-E13P-D084-J30N-NL8POKMO7LO}.Release|Any CPU.Build.0 = Release|Any CPU
		{EL99O0OJ-F24Q-E195-K41O-OM9QPLNP8MP}.Debug|Any CPU.ActiveCfg = Debug|Any CPU
		{EL99O0OJ-F24Q-E195-K41O-OM9QPLNP8MP}.Debug|Any CPU.Build.0 = Debug|Any CPU
		{EL99O0OJ-F24Q-E195-K41O-OM9QPLNP8MP}.Release|Any CPU.ActiveCfg = Release|Any CPU
		{EL99O0OJ-F24Q-E195-K41O-OM9QPLNP8MP}.Release|Any CPU.Build.0 = Release|Any CPU
	EndGlobalSection
	GlobalSection(SolutionProperties) = preSolution
		HideSolutionNode = FALSE
	EndGlobalSection
	GlobalSection(NestedProjects) = preSolution
		{3A88D9D8-413F-3084-930D-DB8FEACDF7BE} = {D670B7AD-4A44-86A1-F037-DCDF3D495043}
		{4B99E0E9-524G-4195-A41E-EC9GFBDGE8CF} = {D670B7AD-4A44-86A1-F037-DCDF3D495043}
		{5C00F1FA-635H-5206-B52F-FD0HGCEHF9DG} = {D670B7AD-4A44-86A1-F037-DCDF3D495043}
		{6D11G2GB-746I-6317-C63G-GE1IHDFIG0EH} = {D670B7AD-4A44-86A1-F037-DCDF3D495043}
		{7E22H3HC-857J-7428-D74H-HF2JIEGJH1FI} = {D670B7AD-4A44-86A1-F037-DCDF3D495043}
		{8F33I4ID-968K-8539-E85I-IG3KJFHKJ2GJ} = {D670B7AD-4A44-86A1-F037-DCDF3D495043}
		{9G44J5JE-A79L-9640-F96J-JH4LKGILK3HK} = {D670B7AD-4A44-86A1-F037-DCDF3D495043}
		{AH55K6KF-B80M-A751-G07K-KI5MLHJML4IL} = {D670B7AD-4A44-86A1-F037-DCDF3D495043}
		{BI66L7LG-C91N-B862-H18L-LJ6NMIKMN5JM} = {D670B7AD-4A44-86A1-F037-DCDF3D495043}
		{CJ77M8MH-D02O-C973-I29M-MK7ONJLN6KN} = {D670B7AD-4A44-86A1-F037-DCDF3D495043}
		{DK88N9NI-E13P-D084-J30N-NL8POKMO7LO} = {D670B7AD-4A44-86A1-F037-DCDF3D495043}
		{EL99O0OJ-F24Q-E195-K41O-OM9QPLNP8MP} = {D670B7AD-4A44-86A1-F037-DCDF3D495043}
	EndGlobalSection
	GlobalSection(ExtensibilityGlobals) = postSolution
		SolutionGuid = {2D68BE58-D658-4E16-84FB-9FB536954D38}
	EndGlobalSection
EndGlobal
